<?xml version="1.0" encoding="UTF-8" standalone="yes" ?>
<CodeBlocks_project_file>
	<FileVersion major="1" minor="6" />
	<Project>
		<Option title="DigitRecog" />
		<Option pch_mode="2" />
		<Option compiler="gcc" />
		<Build>
			<Target title="Debug">
				<Option output="bin/Debug/DigitRecog" prefix_auto="1" extension_auto="1" />
				<Option object_output="obj/Debug/" />
				<Option type="1" />
				<Option compiler="gcc" />
				<Compiler>
					<Add option="-Wmain" />
					<Add option="-pedantic" />
					<Add option="-W" />
					<Add option="-Wall" />
					<Add option="-ansi" />
					<Add option="-g" />
				</Compiler>
			</Target>
			<Target title="Release">
				<Option output="bin/Release/DigitRecog" prefix_auto="1" extension_auto="1" />
				<Option object_output="obj/Release/" />
				<Option type="0" />
				<Option compiler="gcc" />
				<Compiler>
					<Add option="-O2" />
				</Compiler>
				<Linker>
					<Add option="-s" />
				</Linker>
			</Target>
		</Build>
		<Compiler>
			<Add option="-Wall" />
			<Add option="`sdl-config --cflags`" />
		</Compiler>
		<Linker>
			<Add option="`sdl-config --libs`" />
			<Add option="-lSDL_image" />
			<Add option="-lSDL_ttf" />
			<Add option="-lGL" />
		</Linker>
		<Unit filename="App.cpp" />
		<Unit filename="App.h" />
		<Unit filename="Buttons.cpp" />
		<Unit filename="Buttons.h" />
		<Unit filename="Engine/AI/NeuralNetwork/NeuralNetwork.cpp" />
		<Unit filename="Engine/AI/NeuralNetwork/NeuralNetwork.h" />
		<Unit filename="Engine/Engine.cpp" />
		<Unit filename="Engine/Engine.h" />
		<Unit filename="Engine/ErrorHandler.h" />
		<Unit filename="Engine/GL/glTex.cpp" />
		<Unit filename="Engine/GL/glTex.h" />
		<Unit filename="Engine/GUI/Button.cpp" />
		<Unit filename="Engine/GUI/Button.h" />
		<Unit filename="Engine/GUI/Label.cpp" />
		<Unit filename="Engine/GUI/Label.h" />
		<Unit filename="Engine/GUI/LabeledButton.cpp" />
		<Unit filename="Engine/GUI/LabeledButton.h" />
		<Unit filename="Engine/Keyboard.cpp" />
		<Unit filename="Engine/Keyboard.h" />
		<Unit filename="Engine/Math/Collision.h" />
		<Unit filename="Engine/Math/Matrix.h" />
		<Unit filename="Engine/Math/Transformation.h" />
		<Unit filename="Engine/Math/Vec2D.h" />
		<Unit filename="Engine/Mouse.cpp" />
		<Unit filename="Engine/Mouse.h" />
		<Unit filename="Engine/SDL/Font.cpp" />
		<Unit filename="Engine/SDL/Font.h" />
		<Unit filename="Engine/SDL/SDL_SurfacePtr.cpp" />
		<Unit filename="Engine/SDL/SDL_SurfacePtr.h" />
		<Unit filename="Grid.cpp" />
		<Unit filename="Grid.h" />
		<Unit filename="main.cpp" />
		<Extensions>
			<envvars />
			<code_completion />
			<debugger />
			<lib_finder disable_auto="1" />
		</Extensions>
	</Project>
</CodeBlocks_project_file>
